{
  "name": "geoproject",
  "lockfileVersion": 2,
  "requires": true,
  "packages": {
    "": {
      "dependencies": {
        "leaflet-geoserver-request": "^1.2.0"
      }
    },
    "node_modules/leaflet-geoserver-request": {
      "version": "1.2.0",
      "resolved": "https://registry.npmjs.org/leaflet-geoserver-request/-/leaflet-geoserver-request-1.2.0.tgz",
      "integrity": "sha512-EeT4y9VLJ2dBBWqVqUJ+PQjgQdVlzeKGVqWpI/7NREPO+RL0L5oQtNXfuFd5/Zv7u0FRMOOtudZJWiJLebY7jQ=="
    }
  },
  "dependencies": {
    "leaflet-geoserver-request": {
      "version": "1.2.0",
      "resolved": "https://registry.npmjs.org/leaflet-geoserver-request/-/leaflet-geoserver-request-1.2.0.tgz",
      "integrity": "sha512-EeT4y9VLJ2dBBWqVqUJ+PQjgQdVlzeKGVqWpI/7NREPO+RL0L5oQtNXfuFd5/Zv7u0FRMOOtudZJWiJLebY7jQ=="
    }
  }
}
